{
	"name": "@union/cli",
	"version": "1.1.1",
	"lockfileVersion": 1,
	"requires": true,
	"dependencies": {
		"address": {
			"version": "1.1.2",
			"resolved": "http://nexus3.hundsun.com:6060/repository/npm-public/address/-/address-1.1.2.tgz",
			"integrity": "sha1-vxEWycdYxRt6kz0pa3LCIe2UKLY="
		},
		"agent-base": {
			"version": "4.3.0",
			"resolved": "http://nexus3.hundsun.com:6060/repository/npm-public/agent-base/-/agent-base-4.3.0.tgz",
			"integrity": "sha1-gWXwHENgCbzK0LHRIvBe13Dvxu4=",
			"requires": {
				"es6-promisify": "^5.0.0"
			}
		},
		"ansi-escapes": {
			"version": "3.2.0",
			"resolved": "http://nexus3.hundsun.com:6060/repository/npm-public/ansi-escapes/-/ansi-escapes-3.2.0.tgz",
			"integrity": "sha1-h4C5j/nb9WOBUtHx/lwde0RCl2s="
		},
		"ansi-regex": {
			"version": "3.0.0",
			"resolved": "http://nexus3.hundsun.com:6060/repository/npm-public/ansi-regex/-/ansi-regex-3.0.0.tgz",
			"integrity": "sha1-7QMXwyIGT3lGbAKWa922Bas32Zg="
		},
		"ansi-styles": {
			"version": "3.2.1",
			"resolved": "http://nexus3.hundsun.com:6060/repository/npm-public/ansi-styles/-/ansi-styles-3.2.1.tgz",
			"integrity": "sha1-QfuyAkPlCxK+DwS43tvwdSDOhB0=",
			"requires": {
				"color-convert": "^1.9.0"
			}
		},
		"any-promise": {
			"version": "1.3.0",
			"resolved": "http://nexus3.hundsun.com:6060/repository/npm-public/any-promise/-/any-promise-1.3.0.tgz",
			"integrity": "sha1-q8av7tzqUugJzcA3au0845Y10X8="
		},
		"ast-types": {
			"version": "0.13.2",
			"resolved": "http://nexus3.hundsun.com:6060/repository/npm-public/ast-types/-/ast-types-0.13.2.tgz",
			"integrity": "sha1-3zm2d6kRqD86BJZE+3T93tI86kg="
		},
		"balanced-match": {
			"version": "1.0.0",
			"resolved": "http://nexus3.hundsun.com:6060/repository/npm-public/balanced-match/-/balanced-match-1.0.0.tgz",
			"integrity": "sha1-ibTRmasr7kneFk6gK4nORi1xt2c="
		},
		"bl": {
			"version": "1.2.2",
			"resolved": "http://nexus3.hundsun.com:6060/repository/npm-public/bl/-/bl-1.2.2.tgz",
			"integrity": "sha1-oWCRFxcQPAdBDO9j71Gzl8Alr5w=",
			"requires": {
				"readable-stream": "^2.3.5",
				"safe-buffer": "^5.1.1"
			}
		},
		"brace-expansion": {
			"version": "1.1.11",
			"resolved": "http://nexus3.hundsun.com:6060/repository/npm-public/brace-expansion/-/brace-expansion-1.1.11.tgz",
			"integrity": "sha1-PH/L9SnYcibz0vUrlm/1Jx60Qd0=",
			"requires": {
				"balanced-match": "^1.0.0",
				"concat-map": "0.0.1"
			}
		},
		"buffer-alloc": {
			"version": "1.2.0",
			"resolved": "http://nexus3.hundsun.com:6060/repository/npm-public/buffer-alloc/-/buffer-alloc-1.2.0.tgz",
			"integrity": "sha1-iQ3ZDZI6hz4I4Q5f1RpX5bfM4Ow=",
			"requires": {
				"buffer-alloc-unsafe": "^1.1.0",
				"buffer-fill": "^1.0.0"
			}
		},
		"buffer-alloc-unsafe": {
			"version": "1.1.0",
			"resolved": "http://nexus3.hundsun.com:6060/repository/npm-public/buffer-alloc-unsafe/-/buffer-alloc-unsafe-1.1.0.tgz",
			"integrity": "sha1-vX3CauKXLQ7aJTvgYdupkjScGfA="
		},
		"buffer-crc32": {
			"version": "0.2.13",
			"resolved": "http://nexus3.hundsun.com:6060/repository/npm-public/buffer-crc32/-/buffer-crc32-0.2.13.tgz",
			"integrity": "sha1-DTM+PwDqxQqhRUq9MO+MKl2ackI="
		},
		"buffer-fill": {
			"version": "1.0.0",
			"resolved": "http://nexus3.hundsun.com:6060/repository/npm-public/buffer-fill/-/buffer-fill-1.0.0.tgz",
			"integrity": "sha1-+PeLdniYiO858gXNY39o5wISKyw="
		},
		"bytes": {
			"version": "3.1.0",
			"resolved": "http://nexus3.hundsun.com:6060/repository/npm-public/bytes/-/bytes-3.1.0.tgz",
			"integrity": "sha1-9s95M6Ng4FiPqf3oVlHNx/gF0fY="
		},
		"camelcase": {
			"version": "5.3.1",
			"resolved": "http://nexus3.hundsun.com:6060/repository/npm-public/camelcase/-/camelcase-5.3.1.tgz",
			"integrity": "sha1-48mzFWnhBoEd8kL3FXJaH0xJQyA="
		},
		"chalk": {
			"version": "2.4.2",
			"resolved": "http://nexus3.hundsun.com:6060/repository/npm-public/chalk/-/chalk-2.4.2.tgz",
			"integrity": "sha1-zUJUFnelQzPPVBpJEIwUMrRMlCQ=",
			"requires": {
				"ansi-styles": "^3.2.1",
				"escape-string-regexp": "^1.0.5",
				"supports-color": "^5.3.0"
			}
		},
		"chardet": {
			"version": "0.4.2",
			"resolved": "http://nexus3.hundsun.com:6060/repository/npm-public/chardet/-/chardet-0.4.2.tgz",
			"integrity": "sha1-tUc7M9yXxCTl2Y3IfVXU2KKci/I="
		},
		"cli-cursor": {
			"version": "2.1.0",
			"resolved": "http://nexus3.hundsun.com:6060/repository/npm-public/cli-cursor/-/cli-cursor-2.1.0.tgz",
			"integrity": "sha1-s12sN2R5+sw+lHR9QdDQ9SOP/LU=",
			"requires": {
				"restore-cursor": "^2.0.0"
			}
		},
		"cli-spinners": {
			"version": "1.3.1",
			"resolved": "http://nexus3.hundsun.com:6060/repository/npm-public/cli-spinners/-/cli-spinners-1.3.1.tgz",
			"integrity": "sha1-ACwZkJEtDVlYDJO9NsBW3pnkJZo="
		},
		"cli-width": {
			"version": "2.2.0",
			"resolved": "http://nexus3.hundsun.com:6060/repository/npm-public/cli-width/-/cli-width-2.2.0.tgz",
			"integrity": "sha1-/xnt6Kml5XkyQUewwR8PvLq+1jk="
		},
		"cliui": {
			"version": "5.0.0",
			"resolved": "http://nexus3.hundsun.com:6060/repository/npm-public/cliui/-/cliui-5.0.0.tgz",
			"integrity": "sha1-3u/P2y6AB4SqNPRvoI4GhRx7u8U=",
			"requires": {
				"string-width": "^3.1.0",
				"strip-ansi": "^5.2.0",
				"wrap-ansi": "^5.1.0"
			},
			"dependencies": {
				"ansi-regex": {
					"version": "4.1.0",
					"resolved": "http://nexus3.hundsun.com:6060/repository/npm-public/ansi-regex/-/ansi-regex-4.1.0.tgz",
					"integrity": "sha1-i5+PCM8ay4Q3Vqg5yox+MWjFGZc="
				},
				"string-width": {
					"version": "3.1.0",
					"resolved": "http://nexus3.hundsun.com:6060/repository/npm-public/string-width/-/string-width-3.1.0.tgz",
					"integrity": "sha1-InZ74htirxCBV0MG9prFG2IgOWE=",
					"requires": {
						"emoji-regex": "^7.0.1",
						"is-fullwidth-code-point": "^2.0.0",
						"strip-ansi": "^5.1.0"
					}
				},
				"strip-ansi": {
					"version": "5.2.0",
					"resolved": "http://nexus3.hundsun.com:6060/repository/npm-public/strip-ansi/-/strip-ansi-5.2.0.tgz",
					"integrity": "sha1-jJpTb+tq/JYr36WxBKUJHBrZwK4=",
					"requires": {
						"ansi-regex": "^4.1.0"
					}
				}
			}
		},
		"co": {
			"version": "4.6.0",
			"resolved": "http://nexus3.hundsun.com:6060/repository/npm-public/co/-/co-4.6.0.tgz",
			"integrity": "sha1-bqa989hTrlTMuOR7+gvz+QMfsYQ="
		},
		"color-convert": {
			"version": "1.9.3",
			"resolved": "http://nexus3.hundsun.com:6060/repository/npm-public/color-convert/-/color-convert-1.9.3.tgz",
			"integrity": "sha1-u3GFBpDh8TZWfeYp0tVHHe2kweg=",
			"requires": {
				"color-name": "1.1.3"
			}
		},
		"color-name": {
			"version": "1.1.3",
			"resolved": "http://nexus3.hundsun.com:6060/repository/npm-public/color-name/-/color-name-1.1.3.tgz",
			"integrity": "sha1-p9BVi9icQveV3UIyj3QIMcpTvCU="
		},
		"compressing": {
			"version": "1.4.0",
			"resolved": "http://nexus3.hundsun.com:6060/repository/npm-public/compressing/-/compressing-1.4.0.tgz",
			"integrity": "sha1-ef3MuHz9FBrFT1hREoRfIXjyklY=",
			"requires": {
				"flushwritable": "^1.0.0",
				"get-ready": "^1.0.0",
				"mkdirp": "^0.5.1",
				"pump": "^3.0.0",
				"streamifier": "^0.1.1",
				"tar-stream": "^1.5.2",
				"yauzl": "^2.7.0",
				"yazl": "^2.4.2"
			}
		},
		"concat-map": {
			"version": "0.0.1",
			"resolved": "http://nexus3.hundsun.com:6060/repository/npm-public/concat-map/-/concat-map-0.0.1.tgz",
			"integrity": "sha1-2Klr13/Wjfd5OnMDajug1UBdR3s="
		},
		"content-type": {
			"version": "1.0.4",
			"resolved": "http://nexus3.hundsun.com:6060/repository/npm-public/content-type/-/content-type-1.0.4.tgz",
			"integrity": "sha1-4TjMdeBAxyexlm/l5fjJruJW/js="
		},
		"copy-to": {
			"version": "2.0.1",
			"resolved": "http://nexus3.hundsun.com:6060/repository/npm-public/copy-to/-/copy-to-2.0.1.tgz",
			"integrity": "sha1-JoD7uAaKSNCGVrYJgJK9r8kG9KU="
		},
		"core-util-is": {
			"version": "1.0.2",
			"resolved": "http://nexus3.hundsun.com:6060/repository/npm-public/core-util-is/-/core-util-is-1.0.2.tgz",
			"integrity": "sha1-tf1UIgqivFq1eqtxQMlAdUUDwac="
		},
		"data-uri-to-buffer": {
			"version": "1.2.0",
			"resolved": "http://nexus3.hundsun.com:6060/repository/npm-public/data-uri-to-buffer/-/data-uri-to-buffer-1.2.0.tgz",
			"integrity": "sha1-dxY+qcINhkG0cH6PGKvfmnjzSDU="
		},
		"debug": {
			"version": "2.6.9",
			"resolved": "http://nexus3.hundsun.com:6060/repository/npm-public/debug/-/debug-2.6.9.tgz",
			"integrity": "sha1-XRKFFd8TT/Mn6QpMk/Tgd6U2NB8=",
			"requires": {
				"ms": "2.0.0"
			}
		},
		"decamelize": {
			"version": "1.2.0",
			"resolved": "http://nexus3.hundsun.com:6060/repository/npm-public/decamelize/-/decamelize-1.2.0.tgz",
			"integrity": "sha1-9lNNFRSCabIDUue+4m9QH5oZEpA="
		},
		"deep-is": {
			"version": "0.1.3",
			"resolved": "http://nexus3.hundsun.com:6060/repository/npm-public/deep-is/-/deep-is-0.1.3.tgz",
			"integrity": "sha1-s2nW+128E+7PUk+RsHD+7cNXzzQ="
		},
		"default-user-agent": {
			"version": "1.0.0",
			"resolved": "http://nexus3.hundsun.com:6060/repository/npm-public/default-user-agent/-/default-user-agent-1.0.0.tgz",
			"integrity": "sha1-FsRu/cq6PtxF8k8r1IaLAbfCrcY=",
			"requires": {
				"os-name": "~1.0.3"
			}
		},
		"degenerator": {
			"version": "1.0.4",
			"resolved": "http://nexus3.hundsun.com:6060/repository/npm-public/degenerator/-/degenerator-1.0.4.tgz",
			"integrity": "sha1-/PSQo37OJmRk2cxDGrmMWBnO0JU=",
			"requires": {
				"ast-types": "0.x.x",
				"escodegen": "1.x.x",
				"esprima": "3.x.x"
			}
		},
		"depd": {
			"version": "1.1.2",
			"resolved": "http://nexus3.hundsun.com:6060/repository/npm-public/depd/-/depd-1.1.2.tgz",
			"integrity": "sha1-m81S4UwJd2PnSbJ0xDRu0uVgtak="
		},
		"destroy": {
			"version": "1.0.4",
			"resolved": "http://nexus3.hundsun.com:6060/repository/npm-public/destroy/-/destroy-1.0.4.tgz",
			"integrity": "sha1-l4hXRCxEdJ5CBmE+N5RiBYJqvYA="
		},
		"digest-header": {
			"version": "0.0.1",
			"resolved": "http://nexus3.hundsun.com:6060/repository/npm-public/digest-header/-/digest-header-0.0.1.tgz",
			"integrity": "sha1-Ecz23uxXZqw3l0TZAcEsuklRS+Y=",
			"requires": {
				"utility": "0.1.11"
			},
			"dependencies": {
				"utility": {
					"version": "0.1.11",
					"resolved": "http://nexus3.hundsun.com:6060/repository/npm-public/utility/-/utility-0.1.11.tgz",
					"integrity": "sha1-/eYM+bTkdRlHoM9dEEzik2ciZxU=",
					"requires": {
						"address": ">=0.0.1"
					}
				}
			}
		},
		"ee-first": {
			"version": "1.1.1",
			"resolved": "http://nexus3.hundsun.com:6060/repository/npm-public/ee-first/-/ee-first-1.1.1.tgz",
			"integrity": "sha1-WQxhFWsK4vTwJVcyoViyZrxWsh0="
		},
		"emoji-regex": {
			"version": "7.0.3",
			"resolved": "http://nexus3.hundsun.com:6060/repository/npm-public/emoji-regex/-/emoji-regex-7.0.3.tgz",
			"integrity": "sha1-kzoEBShgyF6DwSJHnEdIqOTHIVY="
		},
		"end-of-stream": {
			"version": "1.4.4",
			"resolved": "http://nexus3.hundsun.com:6060/repository/npm-public/end-of-stream/-/end-of-stream-1.4.4.tgz",
			"integrity": "sha1-WuZKX0UFe682JuwU2gyl5LJDHrA=",
			"requires": {
				"once": "^1.4.0"
			}
		},
		"es6-promise": {
			"version": "4.2.8",
			"resolved": "http://nexus3.hundsun.com:6060/repository/npm-public/es6-promise/-/es6-promise-4.2.8.tgz",
			"integrity": "sha1-TrIVlMlyvEBVPSduUQU5FD21Pgo="
		},
		"es6-promisify": {
			"version": "5.0.0",
			"resolved": "http://nexus3.hundsun.com:6060/repository/npm-public/es6-promisify/-/es6-promisify-5.0.0.tgz",
			"integrity": "sha1-UQnWLz5W6pZ8S2NQWu8IKRyKUgM=",
			"requires": {
				"es6-promise": "^4.0.3"
			}
		},
		"escape-html": {
			"version": "1.0.3",
			"resolved": "http://nexus3.hundsun.com:6060/repository/npm-public/escape-html/-/escape-html-1.0.3.tgz",
			"integrity": "sha1-Aljq5NPQwJdN4cFpGI7wBR0dGYg="
		},
		"escape-string-regexp": {
			"version": "1.0.5",
			"resolved": "http://nexus3.hundsun.com:6060/repository/npm-public/escape-string-regexp/-/escape-string-regexp-1.0.5.tgz",
			"integrity": "sha1-G2HAViGQqN/2rjuyzwIAyhMLhtQ="
		},
		"escodegen": {
			"version": "1.12.0",
			"resolved": "http://nexus3.hundsun.com:6060/repository/npm-public/escodegen/-/escodegen-1.12.0.tgz",
			"integrity": "sha1-92Pa+ECvFyuzorbdchnA4X9/9UE=",
			"requires": {
				"esprima": "^3.1.3",
				"estraverse": "^4.2.0",
				"esutils": "^2.0.2",
				"optionator": "^0.8.1",
				"source-map": "~0.6.1"
			}
		},
		"esprima": {
			"version": "3.1.3",
			"resolved": "http://nexus3.hundsun.com:6060/repository/npm-public/esprima/-/esprima-3.1.3.tgz",
			"integrity": "sha1-/cpRzuYTOJXjyI1TXOSdv/YqRjM="
		},
		"estraverse": {
			"version": "4.3.0",
			"resolved": "http://nexus3.hundsun.com:6060/repository/npm-public/estraverse/-/estraverse-4.3.0.tgz",
			"integrity": "sha1-OYrT88WiSUi+dyXoPRGn3ijNvR0="
		},
		"esutils": {
			"version": "2.0.3",
			"resolved": "http://nexus3.hundsun.com:6060/repository/npm-public/esutils/-/esutils-2.0.3.tgz",
			"integrity": "sha1-dNLrTeC42hKTcRkQ1Qd1ubcQ72Q="
		},
		"extend": {
			"version": "3.0.2",
			"resolved": "http://nexus3.hundsun.com:6060/repository/npm-public/extend/-/extend-3.0.2.tgz",
			"integrity": "sha1-+LETa0Bx+9jrFAr/hYsQGewpFfo="
		},
		"extend-shallow": {
			"version": "2.0.1",
			"resolved": "http://nexus3.hundsun.com:6060/repository/npm-public/extend-shallow/-/extend-shallow-2.0.1.tgz",
			"integrity": "sha1-Ua99YUrZqfYQ6huvu5idaxxWiQ8=",
			"requires": {
				"is-extendable": "^0.1.0"
			}
		},
		"external-editor": {
			"version": "2.2.0",
			"resolved": "http://nexus3.hundsun.com:6060/repository/npm-public/external-editor/-/external-editor-2.2.0.tgz",
			"integrity": "sha1-BFURz9jRM/OEZnPRBHwVTiFK09U=",
			"requires": {
				"chardet": "^0.4.0",
				"iconv-lite": "^0.4.17",
				"tmp": "^0.0.33"
			}
		},
		"fast-levenshtein": {
			"version": "2.0.6",
			"resolved": "http://nexus3.hundsun.com:6060/repository/npm-public/fast-levenshtein/-/fast-levenshtein-2.0.6.tgz",
			"integrity": "sha1-PYpcZog6FqMMqGQ+hR8Zuqd5eRc="
		},
		"fd-slicer": {
			"version": "1.1.0",
			"resolved": "http://nexus3.hundsun.com:6060/repository/npm-public/fd-slicer/-/fd-slicer-1.1.0.tgz",
			"integrity": "sha1-JcfInLH5B3+IkbvmHY85Dq4lbx4=",
			"requires": {
				"pend": "~1.2.0"
			}
		},
		"figures": {
			"version": "2.0.0",
			"resolved": "http://nexus3.hundsun.com:6060/repository/npm-public/figures/-/figures-2.0.0.tgz",
			"integrity": "sha1-OrGi0qYsi/tDGgyUy3l6L84nyWI=",
			"requires": {
				"escape-string-regexp": "^1.0.5"
			}
		},
		"file-uri-to-path": {
			"version": "1.0.0",
			"resolved": "http://nexus3.hundsun.com:6060/repository/npm-public/file-uri-to-path/-/file-uri-to-path-1.0.0.tgz",
			"integrity": "sha1-VTp7hEb/b2hDWcRF8eN6BdrMM90="
		},
		"find-up": {
			"version": "3.0.0",
			"resolved": "http://nexus3.hundsun.com:6060/repository/npm-public/find-up/-/find-up-3.0.0.tgz",
			"integrity": "sha1-SRafHXmTQwZG2mHsxa41XCHJe3M=",
			"requires": {
				"locate-path": "^3.0.0"
			}
		},
		"flushwritable": {
			"version": "1.0.0",
			"resolved": "http://nexus3.hundsun.com:6060/repository/npm-public/flushwritable/-/flushwritable-1.0.0.tgz",
			"integrity": "sha1-PjKNj95BKtR+c44751C00pAENJg="
		},
		"formstream": {
			"version": "1.1.0",
			"resolved": "http://nexus3.hundsun.com:6060/repository/npm-public/formstream/-/formstream-1.1.0.tgz",
			"integrity": "sha1-UfOXDyYTbrCtRDBN5M67UCB7RHk=",
			"requires": {
				"destroy": "^1.0.4",
				"mime": "^1.3.4",
				"pause-stream": "~0.0.11"
			}
		},
		"fs-constants": {
			"version": "1.0.0",
			"resolved": "http://nexus3.hundsun.com:6060/repository/npm-public/fs-constants/-/fs-constants-1.0.0.tgz",
			"integrity": "sha1-a+Dem+mYzhavivwkSXue6bfM2a0="
		},
		"fs.realpath": {
			"version": "1.0.0",
			"resolved": "http://nexus3.hundsun.com:6060/repository/npm-public/fs.realpath/-/fs.realpath-1.0.0.tgz",
			"integrity": "sha1-FQStJSMVjKpA20onh8sBQRmU6k8="
		},
		"ftp": {
			"version": "0.3.10",
			"resolved": "http://nexus3.hundsun.com:6060/repository/npm-public/ftp/-/ftp-0.3.10.tgz",
			"integrity": "sha1-kZfYYa2BQvPmPVqDv+TFn3MwiF0=",
			"requires": {
				"readable-stream": "1.1.x",
				"xregexp": "2.0.0"
			},
			"dependencies": {
				"isarray": {
					"version": "0.0.1",
					"resolved": "http://nexus3.hundsun.com:6060/repository/npm-public/isarray/-/isarray-0.0.1.tgz",
					"integrity": "sha1-ihis/Kmo9Bd+Cav8YDiTmwXR7t8="
				},
				"readable-stream": {
					"version": "1.1.14",
					"resolved": "http://nexus3.hundsun.com:6060/repository/npm-public/readable-stream/-/readable-stream-1.1.14.tgz",
					"integrity": "sha1-fPTFTvZI44EwhMY23SB54WbAgdk=",
					"requires": {
						"core-util-is": "~1.0.0",
						"inherits": "~2.0.1",
						"isarray": "0.0.1",
						"string_decoder": "~0.10.x"
					}
				},
				"string_decoder": {
					"version": "0.10.31",
					"resolved": "http://nexus3.hundsun.com:6060/repository/npm-public/string_decoder/-/string_decoder-0.10.31.tgz",
					"integrity": "sha1-YuIDvEF2bGwoyfyEMB2rHFMQ+pQ="
				}
			}
		},
		"get-caller-file": {
			"version": "2.0.5",
			"resolved": "http://nexus3.hundsun.com:6060/repository/npm-public/get-caller-file/-/get-caller-file-2.0.5.tgz",
			"integrity": "sha1-T5RBKoLbMvNuOwuXQfipf+sDH34="
		},
		"get-ready": {
			"version": "1.0.0",
			"resolved": "http://nexus3.hundsun.com:6060/repository/npm-public/get-ready/-/get-ready-1.0.0.tgz",
			"integrity": "sha1-+RgX8emt7P6hOlYq38jeiDqzR4I="
		},
		"get-uri": {
			"version": "2.0.4",
			"resolved": "http://nexus3.hundsun.com:6060/repository/npm-public/get-uri/-/get-uri-2.0.4.tgz",
			"integrity": "sha1-1JN6uBniGNTLWuGOT1livvFpzGo=",
			"requires": {
				"data-uri-to-buffer": "1",
				"debug": "2",
				"extend": "~3.0.2",
				"file-uri-to-path": "1",
				"ftp": "~0.3.10",
				"readable-stream": "2"
			}
		},
		"glob": {
			"version": "7.1.6",
			"resolved": "http://nexus3.hundsun.com:6060/repository/npm-public/glob/-/glob-7.1.6.tgz",
			"integrity": "sha1-FB8zuBp8JJLhJVlDB0gMRmeSeKY=",
			"requires": {
				"fs.realpath": "^1.0.0",
				"inflight": "^1.0.4",
				"inherits": "2",
				"minimatch": "^3.0.4",
				"once": "^1.3.0",
				"path-is-absolute": "^1.0.0"
			}
		},
		"has-flag": {
			"version": "3.0.0",
			"resolved": "http://nexus3.hundsun.com:6060/repository/npm-public/has-flag/-/has-flag-3.0.0.tgz",
			"integrity": "sha1-tdRU3CGZriJWmfNGfloH87lVuv0="
		},
		"http-errors": {
			"version": "1.7.3",
			"resolved": "http://nexus3.hundsun.com:6060/repository/npm-public/http-errors/-/http-errors-1.7.3.tgz",
			"integrity": "sha1-bGGeT5xgMIw4UZSYwU+7EKrOuwY=",
			"requires": {
				"depd": "~1.1.2",
				"inherits": "2.0.4",
				"setprototypeof": "1.1.1",
				"statuses": ">= 1.5.0 < 2",
				"toidentifier": "1.0.0"
			}
		},
		"http-proxy-agent": {
			"version": "2.1.0",
			"resolved": "http://nexus3.hundsun.com:6060/repository/npm-public/http-proxy-agent/-/http-proxy-agent-2.1.0.tgz",
			"integrity": "sha1-5IIb7vWyFCogJr1zkm/lN2McVAU=",
			"requires": {
				"agent-base": "4",
				"debug": "3.1.0"
			},
			"dependencies": {
				"debug": {
					"version": "3.1.0",
					"resolved": "http://nexus3.hundsun.com:6060/repository/npm-public/debug/-/debug-3.1.0.tgz",
					"integrity": "sha1-W7WgZyYotkFJVmuhaBnmFRjGcmE=",
					"requires": {
						"ms": "2.0.0"
					}
				}
			}
		},
		"https-proxy-agent": {
			"version": "3.0.1",
			"resolved": "http://nexus3.hundsun.com:6060/repository/npm-public/https-proxy-agent/-/https-proxy-agent-3.0.1.tgz",
			"integrity": "sha1-uMKGQz6HYCMRsByOo0QT2Fakr4E=",
			"requires": {
				"agent-base": "^4.3.0",
				"debug": "^3.1.0"
			},
			"dependencies": {
				"debug": {
					"version": "3.2.6",
					"resolved": "http://nexus3.hundsun.com:6060/repository/npm-public/debug/-/debug-3.2.6.tgz",
					"integrity": "sha1-6D0X3hbYp++3cX7b5fsQE17uYps=",
					"requires": {
						"ms": "^2.1.1"
					}
				},
				"ms": {
					"version": "2.1.2",
					"resolved": "http://nexus3.hundsun.com:6060/repository/npm-public/ms/-/ms-2.1.2.tgz",
					"integrity": "sha1-0J0fNXtEP0kzgqjrPM0YOHKuYAk="
				}
			}
		},
		"humanize-ms": {
			"version": "1.2.1",
			"resolved": "http://nexus3.hundsun.com:6060/repository/npm-public/humanize-ms/-/humanize-ms-1.2.1.tgz",
			"integrity": "sha1-xG4xWaKT9riW2ikxbYtv6Lt5u+0=",
			"requires": {
				"ms": "^2.0.0"
			}
		},
		"iconv-lite": {
			"version": "0.4.24",
			"resolved": "http://nexus3.hundsun.com:6060/repository/npm-public/iconv-lite/-/iconv-lite-0.4.24.tgz",
			"integrity": "sha1-ICK0sl+93CHS9SSXSkdKr+czkIs=",
			"requires": {
				"safer-buffer": ">= 2.1.2 < 3"
			}
		},
		"inflight": {
			"version": "1.0.6",
			"resolved": "http://nexus3.hundsun.com:6060/repository/npm-public/inflight/-/inflight-1.0.6.tgz",
			"integrity": "sha1-Sb1jMdfQLQwJvJEKEHW6gWW1bfk=",
			"requires": {
				"once": "^1.3.0",
				"wrappy": "1"
			}
		},
		"inherits": {
			"version": "2.0.4",
			"resolved": "http://nexus3.hundsun.com:6060/repository/npm-public/inherits/-/inherits-2.0.4.tgz",
			"integrity": "sha1-D6LGT5MpF8NDOg3tVTY6rjdBa3w="
		},
		"inquirer": {
			"version": "3.3.0",
			"resolved": "http://nexus3.hundsun.com:6060/repository/npm-public/inquirer/-/inquirer-3.3.0.tgz",
			"integrity": "sha1-ndLyrXZdyrH/BEO0kUQqILoifck=",
			"requires": {
				"ansi-escapes": "^3.0.0",
				"chalk": "^2.0.0",
				"cli-cursor": "^2.1.0",
				"cli-width": "^2.0.0",
				"external-editor": "^2.0.4",
				"figures": "^2.0.0",
				"lodash": "^4.3.0",
				"mute-stream": "0.0.7",
				"run-async": "^2.2.0",
				"rx-lite": "^4.0.8",
				"rx-lite-aggregates": "^4.0.8",
				"string-width": "^2.1.0",
				"strip-ansi": "^4.0.0",
				"through": "^2.3.6"
			}
		},
		"interpret": {
			"version": "1.2.0",
			"resolved": "http://nexus3.hundsun.com:6060/repository/npm-public/interpret/-/interpret-1.2.0.tgz",
			"integrity": "sha1-1QYaYiS+WOgIOYX1AU2EQ1lXYpY="
		},
		"ip": {
			"version": "1.1.5",
			"resolved": "http://nexus3.hundsun.com:6060/repository/npm-public/ip/-/ip-1.1.5.tgz",
			"integrity": "sha1-vd7XARQpCCjAoDnnLvJfWq7ENUo="
		},
		"is-extendable": {
			"version": "0.1.1",
			"resolved": "http://nexus3.hundsun.com:6060/repository/npm-public/is-extendable/-/is-extendable-0.1.1.tgz",
			"integrity": "sha1-YrEQ4omkcUGOPsNqYX1HLjAd/Ik="
		},
		"is-fullwidth-code-point": {
			"version": "2.0.0",
			"resolved": "http://nexus3.hundsun.com:6060/repository/npm-public/is-fullwidth-code-point/-/is-fullwidth-code-point-2.0.0.tgz",
			"integrity": "sha1-o7MKXE8ZkYMWeqq5O+764937ZU8="
		},
		"is-promise": {
			"version": "2.1.0",
			"resolved": "http://nexus3.hundsun.com:6060/repository/npm-public/is-promise/-/is-promise-2.1.0.tgz",
			"integrity": "sha1-eaKp7OfwlugPNtKy87wWwf9L8/o="
		},
		"isarray": {
			"version": "1.0.0",
			"resolved": "http://nexus3.hundsun.com:6060/repository/npm-public/isarray/-/isarray-1.0.0.tgz",
			"integrity": "sha1-u5NdSFgsuhaMBoNJV6VKPgcSTxE="
		},
		"levn": {
			"version": "0.3.0",
			"resolved": "http://nexus3.hundsun.com:6060/repository/npm-public/levn/-/levn-0.3.0.tgz",
			"integrity": "sha1-OwmSTt+fCDwEkP3UwLxEIeBHZO4=",
			"requires": {
				"prelude-ls": "~1.1.2",
				"type-check": "~0.3.2"
			}
		},
		"locate-path": {
			"version": "3.0.0",
			"resolved": "http://nexus3.hundsun.com:6060/repository/npm-public/locate-path/-/locate-path-3.0.0.tgz",
			"integrity": "sha1-2+w7OrdZdYBxtY/ln8QYca8hQA4=",
			"requires": {
				"p-locate": "^3.0.0",
				"path-exists": "^3.0.0"
			}
		},
		"lodash": {
			"version": "4.17.15",
			"resolved": "http://nexus3.hundsun.com:6060/repository/npm-public/lodash/-/lodash-4.17.15.tgz",
			"integrity": "sha1-tEf2ZwoEVbv+7dETku/zMOoJdUg="
		},
		"log-symbols": {
			"version": "2.2.0",
			"resolved": "http://nexus3.hundsun.com:6060/repository/npm-public/log-symbols/-/log-symbols-2.2.0.tgz",
			"integrity": "sha1-V0Dhxdbw39pK2TI7UzIQfva0xAo=",
			"requires": {
				"chalk": "^2.0.1"
			}
		},
		"lru-cache": {
			"version": "5.1.1",
			"resolved": "http://nexus3.hundsun.com:6060/repository/npm-public/lru-cache/-/lru-cache-5.1.1.tgz",
			"integrity": "sha1-HaJ+ZxAnGUdpXa9oSOhH8B2EuSA=",
			"requires": {
				"yallist": "^3.0.2"
			}
		},
		"mime": {
			"version": "1.6.0",
			"resolved": "http://nexus3.hundsun.com:6060/repository/npm-public/mime/-/mime-1.6.0.tgz",
			"integrity": "sha1-Ms2eXGRVO9WNGaVor0Uqz/BJgbE="
		},
		"mimic-fn": {
			"version": "1.2.0",
			"resolved": "http://nexus3.hundsun.com:6060/repository/npm-public/mimic-fn/-/mimic-fn-1.2.0.tgz",
			"integrity": "sha1-ggyGo5M0ZA6ZUWkovQP8qIBX0CI="
		},
		"minimatch": {
			"version": "3.0.4",
			"resolved": "http://nexus3.hundsun.com:6060/repository/npm-public/minimatch/-/minimatch-3.0.4.tgz",
			"integrity": "sha1-UWbihkV/AzBgZL5Ul+jbsMPTIIM=",
			"requires": {
				"brace-expansion": "^1.1.7"
			}
		},
		"minimist": {
			"version": "0.0.8",
			"resolved": "http://nexus3.hundsun.com:6060/repository/npm-public/minimist/-/minimist-0.0.8.tgz",
			"integrity": "sha1-hX/Kv8M5fSYluCKCYuhqp6ARsF0="
		},
		"mkdirp": {
			"version": "0.5.1",
			"resolved": "http://nexus3.hundsun.com:6060/repository/npm-public/mkdirp/-/mkdirp-0.5.1.tgz",
			"integrity": "sha1-MAV0OOrGz3+MR2fzhkjWaX11yQM=",
			"requires": {
				"minimist": "0.0.8"
			}
		},
		"ms": {
			"version": "2.0.0",
			"resolved": "http://nexus3.hundsun.com:6060/repository/npm-public/ms/-/ms-2.0.0.tgz",
			"integrity": "sha1-VgiurfwAvmwpAd9fmGF4jeDVl8g="
		},
		"mute-stream": {
			"version": "0.0.7",
			"resolved": "http://nexus3.hundsun.com:6060/repository/npm-public/mute-stream/-/mute-stream-0.0.7.tgz",
			"integrity": "sha1-MHXOk7whuPq0PhvE2n6BFe0ee6s="
		},
		"mz": {
			"version": "2.7.0",
			"resolved": "http://nexus3.hundsun.com:6060/repository/npm-public/mz/-/mz-2.7.0.tgz",
			"integrity": "sha1-lQCAV6Vsr63CvGPd5/n/aVWUjjI=",
			"requires": {
				"any-promise": "^1.0.0",
				"object-assign": "^4.0.1",
				"thenify-all": "^1.0.0"
			}
		},
		"netmask": {
			"version": "1.0.6",
			"resolved": "http://nexus3.hundsun.com:6060/repository/npm-public/netmask/-/netmask-1.0.6.tgz",
			"integrity": "sha1-ICl+idhvb2QA8lDZ9Pa0wZRfzTU="
		},
		"object-assign": {
			"version": "4.1.1",
			"resolved": "http://nexus3.hundsun.com:6060/repository/npm-public/object-assign/-/object-assign-4.1.1.tgz",
			"integrity": "sha1-IQmtx5ZYh8/AXLvUQsrIv7s2CGM="
		},
		"once": {
			"version": "1.4.0",
			"resolved": "http://nexus3.hundsun.com:6060/repository/npm-public/once/-/once-1.4.0.tgz",
			"integrity": "sha1-WDsap3WWHUsROsF9nFC6753Xa9E=",
			"requires": {
				"wrappy": "1"
			}
		},
		"onetime": {
			"version": "2.0.1",
			"resolved": "http://nexus3.hundsun.com:6060/repository/npm-public/onetime/-/onetime-2.0.1.tgz",
			"integrity": "sha1-BnQoIw/WdEOyeUsiu6UotoZ5YtQ=",
			"requires": {
				"mimic-fn": "^1.0.0"
			}
		},
		"optionator": {
			"version": "0.8.3",
			"resolved": "http://nexus3.hundsun.com:6060/repository/npm-public/optionator/-/optionator-0.8.3.tgz",
			"integrity": "sha1-hPodA2/p08fiHZmIS2ARZ+yPtJU=",
			"requires": {
				"deep-is": "~0.1.3",
				"fast-levenshtein": "~2.0.6",
				"levn": "~0.3.0",
				"prelude-ls": "~1.1.2",
				"type-check": "~0.3.2",
				"word-wrap": "~1.2.3"
			}
		},
		"ora": {
			"version": "1.4.0",
			"resolved": "http://nexus3.hundsun.com:6060/repository/npm-public/ora/-/ora-1.4.0.tgz",
			"integrity": "sha1-iERYIVs6XUCXWSKF+TMhu3p54uU=",
			"requires": {
				"chalk": "^2.1.0",
				"cli-cursor": "^2.1.0",
				"cli-spinners": "^1.0.1",
				"log-symbols": "^2.1.0"
			}
		},
		"os-name": {
			"version": "1.0.3",
			"resolved": "http://nexus3.hundsun.com:6060/repository/npm-public/os-name/-/os-name-1.0.3.tgz",
			"integrity": "sha1-GzefZINa98Wn9JizV8uVIVwVnt8=",
			"requires": {
				"osx-release": "^1.0.0",
				"win-release": "^1.0.0"
			}
		},
		"os-tmpdir": {
			"version": "1.0.2",
			"resolved": "http://nexus3.hundsun.com:6060/repository/npm-public/os-tmpdir/-/os-tmpdir-1.0.2.tgz",
			"integrity": "sha1-u+Z0BseaqFxc/sdm/lc0VV36EnQ="
		},
		"osx-release": {
			"version": "1.1.0",
			"resolved": "http://nexus3.hundsun.com:6060/repository/npm-public/osx-release/-/osx-release-1.1.0.tgz",
			"integrity": "sha1-8heRGigTaUmvG/kwiyQeJzfTzWw=",
			"requires": {
				"minimist": "^1.1.0"
			},
			"dependencies": {
				"minimist": {
					"version": "1.2.0",
					"resolved": "http://nexus3.hundsun.com:6060/repository/npm-public/minimist/-/minimist-1.2.0.tgz",
					"integrity": "sha1-o1AIsg9BOD7sH7kU9M1d95omQoQ="
				}
			}
		},
		"p-limit": {
			"version": "2.2.1",
			"resolved": "http://nexus3.hundsun.com:6060/repository/npm-public/p-limit/-/p-limit-2.2.1.tgz",
			"integrity": "sha1-qgeniMwxUck5tRMfY1cPDdIAlTc=",
			"requires": {
				"p-try": "^2.0.0"
			}
		},
		"p-locate": {
			"version": "3.0.0",
			"resolved": "http://nexus3.hundsun.com:6060/repository/npm-public/p-locate/-/p-locate-3.0.0.tgz",
			"integrity": "sha1-Mi1poFwCZLJZl9n0DNiokasAZKQ=",
			"requires": {
				"p-limit": "^2.0.0"
			}
		},
		"p-try": {
			"version": "2.2.0",
			"resolved": "http://nexus3.hundsun.com:6060/repository/npm-public/p-try/-/p-try-2.2.0.tgz",
			"integrity": "sha1-yyhoVA4xPWHeWPr741zpAE1VQOY="
		},
		"pac-proxy-agent": {
			"version": "3.0.1",
			"resolved": "http://nexus3.hundsun.com:6060/repository/npm-public/pac-proxy-agent/-/pac-proxy-agent-3.0.1.tgz",
			"integrity": "sha1-EVseWPkldsrC66cYWTynsON94q0=",
			"requires": {
				"agent-base": "^4.2.0",
				"debug": "^4.1.1",
				"get-uri": "^2.0.0",
				"http-proxy-agent": "^2.1.0",
				"https-proxy-agent": "^3.0.0",
				"pac-resolver": "^3.0.0",
				"raw-body": "^2.2.0",
				"socks-proxy-agent": "^4.0.1"
			},
			"dependencies": {
				"debug": {
					"version": "4.1.1",
					"resolved": "http://nexus3.hundsun.com:6060/repository/npm-public/debug/-/debug-4.1.1.tgz",
					"integrity": "sha1-O3ImAlUQnGtYnO4FDx1RYTlmR5E=",
					"requires": {
						"ms": "^2.1.1"
					}
				},
				"ms": {
					"version": "2.1.2",
					"resolved": "http://nexus3.hundsun.com:6060/repository/npm-public/ms/-/ms-2.1.2.tgz",
					"integrity": "sha1-0J0fNXtEP0kzgqjrPM0YOHKuYAk="
				}
			}
		},
		"pac-resolver": {
			"version": "3.0.0",
			"resolved": "http://nexus3.hundsun.com:6060/repository/npm-public/pac-resolver/-/pac-resolver-3.0.0.tgz",
			"integrity": "sha1-auoweH2wqJFwTet4AKcip2FabyY=",
			"requires": {
				"co": "^4.6.0",
				"degenerator": "^1.0.4",
				"ip": "^1.1.5",
				"netmask": "^1.0.6",
				"thunkify": "^2.1.2"
			}
		},
		"path-exists": {
			"version": "3.0.0",
			"resolved": "http://nexus3.hundsun.com:6060/repository/npm-public/path-exists/-/path-exists-3.0.0.tgz",
			"integrity": "sha1-zg6+ql94yxiSXqfYENe1mwEP1RU="
		},
		"path-is-absolute": {
			"version": "1.0.1",
			"resolved": "http://nexus3.hundsun.com:6060/repository/npm-public/path-is-absolute/-/path-is-absolute-1.0.1.tgz",
			"integrity": "sha1-F0uSaHNVNP+8es5r9TpanhtcX18="
		},
		"path-parse": {
			"version": "1.0.6",
			"resolved": "http://nexus3.hundsun.com:6060/repository/npm-public/path-parse/-/path-parse-1.0.6.tgz",
			"integrity": "sha1-1i27VnlAXXLEc37FhgDp3c8G0kw="
		},
		"pause-stream": {
			"version": "0.0.11",
			"resolved": "http://nexus3.hundsun.com:6060/repository/npm-public/pause-stream/-/pause-stream-0.0.11.tgz",
			"integrity": "sha1-/lo0sMvOErWqaitAPuLnO2AvFEU=",
			"requires": {
				"through": "~2.3"
			}
		},
		"pend": {
			"version": "1.2.0",
			"resolved": "http://nexus3.hundsun.com:6060/repository/npm-public/pend/-/pend-1.2.0.tgz",
			"integrity": "sha1-elfrVQpng/kRUzH89GY9XI4AelA="
		},
		"prelude-ls": {
			"version": "1.1.2",
			"resolved": "http://nexus3.hundsun.com:6060/repository/npm-public/prelude-ls/-/prelude-ls-1.1.2.tgz",
			"integrity": "sha1-IZMqVJ9eUv/ZqCf1cOBL5iqX2lQ="
		},
		"process-nextick-args": {
			"version": "2.0.1",
			"resolved": "http://nexus3.hundsun.com:6060/repository/npm-public/process-nextick-args/-/process-nextick-args-2.0.1.tgz",
			"integrity": "sha1-eCDZsWEgzFXKmud5JoCufbptf+I="
		},
		"proxy-agent": {
			"version": "3.1.1",
			"resolved": "http://nexus3.hundsun.com:6060/repository/npm-public/proxy-agent/-/proxy-agent-3.1.1.tgz",
			"integrity": "sha1-fgTga/Nq+mJKFUC+JHtHyXC9MBQ=",
			"requires": {
				"agent-base": "^4.2.0",
				"debug": "4",
				"http-proxy-agent": "^2.1.0",
				"https-proxy-agent": "^3.0.0",
				"lru-cache": "^5.1.1",
				"pac-proxy-agent": "^3.0.1",
				"proxy-from-env": "^1.0.0",
				"socks-proxy-agent": "^4.0.1"
			},
			"dependencies": {
				"debug": {
					"version": "4.1.1",
					"resolved": "http://nexus3.hundsun.com:6060/repository/npm-public/debug/-/debug-4.1.1.tgz",
					"integrity": "sha1-O3ImAlUQnGtYnO4FDx1RYTlmR5E=",
					"requires": {
						"ms": "^2.1.1"
					}
				},
				"ms": {
					"version": "2.1.2",
					"resolved": "http://nexus3.hundsun.com:6060/repository/npm-public/ms/-/ms-2.1.2.tgz",
					"integrity": "sha1-0J0fNXtEP0kzgqjrPM0YOHKuYAk="
				}
			}
		},
		"proxy-from-env": {
			"version": "1.0.0",
			"resolved": "http://nexus3.hundsun.com:6060/repository/npm-public/proxy-from-env/-/proxy-from-env-1.0.0.tgz",
			"integrity": "sha1-M8UDmPcOp+uW0h97gXYwpVeRx+4="
		},
		"pump": {
			"version": "3.0.0",
			"resolved": "http://nexus3.hundsun.com:6060/repository/npm-public/pump/-/pump-3.0.0.tgz",
			"integrity": "sha1-tKIRaBW94vTh6mAjVOjHVWUQemQ=",
			"requires": {
				"end-of-stream": "^1.1.0",
				"once": "^1.3.1"
			}
		},
		"qs": {
			"version": "6.9.1",
			"resolved": "http://nexus3.hundsun.com:6060/repository/npm-public/qs/-/qs-6.9.1.tgz",
			"integrity": "sha1-IAgsZct4IjY1qxqerKiHWim/jsk="
		},
		"raw-body": {
			"version": "2.4.1",
			"resolved": "http://nexus3.hundsun.com:6060/repository/npm-public/raw-body/-/raw-body-2.4.1.tgz",
			"integrity": "sha1-MKyC+Yu1rowVLmcUnayNVRU7Fow=",
			"requires": {
				"bytes": "3.1.0",
				"http-errors": "1.7.3",
				"iconv-lite": "0.4.24",
				"unpipe": "1.0.0"
			}
		},
		"readable-stream": {
			"version": "2.3.6",
			"resolved": "http://nexus3.hundsun.com:6060/repository/npm-public/readable-stream/-/readable-stream-2.3.6.tgz",
			"integrity": "sha1-sRwn2IuP8fvgcGQ8+UsMea4bCq8=",
			"requires": {
				"core-util-is": "~1.0.0",
				"inherits": "~2.0.3",
				"isarray": "~1.0.0",
				"process-nextick-args": "~2.0.0",
				"safe-buffer": "~5.1.1",
				"string_decoder": "~1.1.1",
				"util-deprecate": "~1.0.1"
			},
			"dependencies": {
				"safe-buffer": {
					"version": "5.1.2",
					"resolved": "http://nexus3.hundsun.com:6060/repository/npm-public/safe-buffer/-/safe-buffer-5.1.2.tgz",
					"integrity": "sha1-mR7GnSluAxN0fVm9/St0XDX4go0="
				}
			}
		},
		"rechoir": {
			"version": "0.6.2",
			"resolved": "http://nexus3.hundsun.com:6060/repository/npm-public/rechoir/-/rechoir-0.6.2.tgz",
			"integrity": "sha1-hSBLVNuoLVdC4oyWdW70OvUOM4Q=",
			"requires": {
				"resolve": "^1.1.6"
			}
		},
		"require-directory": {
			"version": "2.1.1",
			"resolved": "http://nexus3.hundsun.com:6060/repository/npm-public/require-directory/-/require-directory-2.1.1.tgz",
			"integrity": "sha1-jGStX9MNqxyXbiNE/+f3kqam30I="
		},
		"require-main-filename": {
			"version": "2.0.0",
			"resolved": "http://nexus3.hundsun.com:6060/repository/npm-public/require-main-filename/-/require-main-filename-2.0.0.tgz",
			"integrity": "sha1-0LMp7MfMD2Fkn2IhW+aa9UqomJs="
		},
		"resolve": {
			"version": "1.12.0",
			"resolved": "http://nexus3.hundsun.com:6060/repository/npm-public/resolve/-/resolve-1.12.0.tgz",
			"integrity": "sha1-P8ZEo1yEpIVUYJ/ybsUrZvpXffY=",
			"requires": {
				"path-parse": "^1.0.6"
			}
		},
		"restore-cursor": {
			"version": "2.0.0",
			"resolved": "http://nexus3.hundsun.com:6060/repository/npm-public/restore-cursor/-/restore-cursor-2.0.0.tgz",
			"integrity": "sha1-n37ih/gv0ybU/RYpI9YhKe7g368=",
			"requires": {
				"onetime": "^2.0.0",
				"signal-exit": "^3.0.2"
			}
		},
		"run-async": {
			"version": "2.3.0",
			"resolved": "http://nexus3.hundsun.com:6060/repository/npm-public/run-async/-/run-async-2.3.0.tgz",
			"integrity": "sha1-A3GrSuC91yDUFm19/aZP96RFpsA=",
			"requires": {
				"is-promise": "^2.1.0"
			}
		},
		"rx-lite": {
			"version": "4.0.8",
			"resolved": "http://nexus3.hundsun.com:6060/repository/npm-public/rx-lite/-/rx-lite-4.0.8.tgz",
			"integrity": "sha1-Cx4Rr4vESDbwSmQH6S2kJGe3lEQ="
		},
		"rx-lite-aggregates": {
			"version": "4.0.8",
			"resolved": "http://nexus3.hundsun.com:6060/repository/npm-public/rx-lite-aggregates/-/rx-lite-aggregates-4.0.8.tgz",
			"integrity": "sha1-dTuHqJoRyVRnxKwWJsTvxOBcZ74=",
			"requires": {
				"rx-lite": "*"
			}
		},
		"safe-buffer": {
			"version": "5.2.0",
			"resolved": "http://nexus3.hundsun.com:6060/repository/npm-public/safe-buffer/-/safe-buffer-5.2.0.tgz",
			"integrity": "sha1-t02uxJsRSPiMZLaNSbHoFcHy9Rk="
		},
		"safer-buffer": {
			"version": "2.1.2",
			"resolved": "http://nexus3.hundsun.com:6060/repository/npm-public/safer-buffer/-/safer-buffer-2.1.2.tgz",
			"integrity": "sha1-RPoWGwGHuVSd2Eu5GAL5vYOFzWo="
		},
		"semver": {
			"version": "5.7.1",
			"resolved": "http://nexus3.hundsun.com:6060/repository/npm-public/semver/-/semver-5.7.1.tgz",
			"integrity": "sha1-qVT5Ma66UI0we78Gnv8MAclhFvc="
		},
		"set-blocking": {
			"version": "2.0.0",
			"resolved": "http://nexus3.hundsun.com:6060/repository/npm-public/set-blocking/-/set-blocking-2.0.0.tgz",
			"integrity": "sha1-BF+XgtARrppoA93TgrJDkrPYkPc="
		},
		"setprototypeof": {
			"version": "1.1.1",
			"resolved": "http://nexus3.hundsun.com:6060/repository/npm-public/setprototypeof/-/setprototypeof-1.1.1.tgz",
			"integrity": "sha1-fpWsskqpL1iF4KvvW6ExMw1K5oM="
		},
		"shelljs": {
			"version": "0.8.3",
			"resolved": "http://nexus3.hundsun.com:6060/repository/npm-public/shelljs/-/shelljs-0.8.3.tgz",
			"integrity": "sha1-p/MxlSDr8J7oEnWyNorbKGZZsJc=",
			"requires": {
				"glob": "^7.0.0",
				"interpret": "^1.0.0",
				"rechoir": "^0.6.2"
			}
		},
		"signal-exit": {
			"version": "3.0.2",
			"resolved": "http://nexus3.hundsun.com:6060/repository/npm-public/signal-exit/-/signal-exit-3.0.2.tgz",
			"integrity": "sha1-tf3AjxKH6hF4Yo5BXiUTK3NkbG0="
		},
		"smart-buffer": {
			"version": "4.1.0",
			"resolved": "http://nexus3.hundsun.com:6060/repository/npm-public/smart-buffer/-/smart-buffer-4.1.0.tgz",
			"integrity": "sha1-kWBcJdkWUvRmHqacz0XxszHKIbo="
		},
		"socks": {
			"version": "2.3.3",
			"resolved": "http://nexus3.hundsun.com:6060/repository/npm-public/socks/-/socks-2.3.3.tgz",
			"integrity": "sha1-ARKfCl1TTSuJdxLtis6rfuZdeOM=",
			"requires": {
				"ip": "1.1.5",
				"smart-buffer": "^4.1.0"
			}
		},
		"socks-proxy-agent": {
			"version": "4.0.2",
			"resolved": "http://nexus3.hundsun.com:6060/repository/npm-public/socks-proxy-agent/-/socks-proxy-agent-4.0.2.tgz",
			"integrity": "sha1-PImR8xRbJ5nnDhG9X7yLGWMRY4Y=",
			"requires": {
				"agent-base": "~4.2.1",
				"socks": "~2.3.2"
			},
			"dependencies": {
				"agent-base": {
					"version": "4.2.1",
					"resolved": "http://nexus3.hundsun.com:6060/repository/npm-public/agent-base/-/agent-base-4.2.1.tgz",
					"integrity": "sha1-2J5ZmfeXh1Z0wH2H8mD8Qeg+jKk=",
					"requires": {
						"es6-promisify": "^5.0.0"
					}
				}
			}
		},
		"source-map": {
			"version": "0.6.1",
			"resolved": "http://nexus3.hundsun.com:6060/repository/npm-public/source-map/-/source-map-0.6.1.tgz",
			"integrity": "sha1-dHIq8y6WFOnCh6jQu95IteLxomM=",
			"optional": true
		},
		"statuses": {
			"version": "1.5.0",
			"resolved": "http://nexus3.hundsun.com:6060/repository/npm-public/statuses/-/statuses-1.5.0.tgz",
			"integrity": "sha1-Fhx9rBd2Wf2YEfQ3cfqZOBR4Yow="
		},
		"streamifier": {
			"version": "0.1.1",
			"resolved": "http://nexus3.hundsun.com:6060/repository/npm-public/streamifier/-/streamifier-0.1.1.tgz",
			"integrity": "sha1-l+mNj6TRBdYqJpHR3AfoINuN/E8="
		},
		"string-width": {
			"version": "2.1.1",
			"resolved": "http://nexus3.hundsun.com:6060/repository/npm-public/string-width/-/string-width-2.1.1.tgz",
			"integrity": "sha1-q5Pyeo3BPSjKyBXEYhQ6bZASrp4=",
			"requires": {
				"is-fullwidth-code-point": "^2.0.0",
				"strip-ansi": "^4.0.0"
			}
		},
		"string_decoder": {
			"version": "1.1.1",
			"resolved": "http://nexus3.hundsun.com:6060/repository/npm-public/string_decoder/-/string_decoder-1.1.1.tgz",
			"integrity": "sha1-nPFhG6YmhdcDCunkujQUnDrwP8g=",
			"requires": {
				"safe-buffer": "~5.1.0"
			},
			"dependencies": {
				"safe-buffer": {
					"version": "5.1.2",
					"resolved": "http://nexus3.hundsun.com:6060/repository/npm-public/safe-buffer/-/safe-buffer-5.1.2.tgz",
					"integrity": "sha1-mR7GnSluAxN0fVm9/St0XDX4go0="
				}
			}
		},
		"strip-ansi": {
			"version": "4.0.0",
			"resolved": "http://nexus3.hundsun.com:6060/repository/npm-public/strip-ansi/-/strip-ansi-4.0.0.tgz",
			"integrity": "sha1-qEeQIusaw2iocTibY1JixQXuNo8=",
			"requires": {
				"ansi-regex": "^3.0.0"
			}
		},
		"supports-color": {
			"version": "5.5.0",
			"resolved": "http://nexus3.hundsun.com:6060/repository/npm-public/supports-color/-/supports-color-5.5.0.tgz",
			"integrity": "sha1-4uaaRKyHcveKHsCzW2id9lMO/I8=",
			"requires": {
				"has-flag": "^3.0.0"
			}
		},
		"tar-stream": {
			"version": "1.6.2",
			"resolved": "http://nexus3.hundsun.com:6060/repository/npm-public/tar-stream/-/tar-stream-1.6.2.tgz",
			"integrity": "sha1-jqVdqzeXIlPZqa+Q/c1VmuQ1xVU=",
			"requires": {
				"bl": "^1.0.0",
				"buffer-alloc": "^1.2.0",
				"end-of-stream": "^1.0.0",
				"fs-constants": "^1.0.0",
				"readable-stream": "^2.3.0",
				"to-buffer": "^1.1.1",
				"xtend": "^4.0.0"
			}
		},
		"thenify": {
			"version": "3.3.0",
			"resolved": "http://nexus3.hundsun.com:6060/repository/npm-public/thenify/-/thenify-3.3.0.tgz",
			"integrity": "sha1-5p44obq+lpsBCCB5eLn2K4hgSDk=",
			"requires": {
				"any-promise": "^1.0.0"
			}
		},
		"thenify-all": {
			"version": "1.6.0",
			"resolved": "http://nexus3.hundsun.com:6060/repository/npm-public/thenify-all/-/thenify-all-1.6.0.tgz",
			"integrity": "sha1-GhkY1ALY/D+Y+/I02wvMjMEOlyY=",
			"requires": {
				"thenify": ">= 3.1.0 < 4"
			}
		},
		"through": {
			"version": "2.3.8",
			"resolved": "http://nexus3.hundsun.com:6060/repository/npm-public/through/-/through-2.3.8.tgz",
			"integrity": "sha1-DdTJ/6q8NXlgsbckEV1+Doai4fU="
		},
		"thunkify": {
			"version": "2.1.2",
			"resolved": "http://nexus3.hundsun.com:6060/repository/npm-public/thunkify/-/thunkify-2.1.2.tgz",
			"integrity": "sha1-+qDp0jDFGsyVyhOjYawFyn4EVT0="
		},
		"tmp": {
			"version": "0.0.33",
			"resolved": "http://nexus3.hundsun.com:6060/repository/npm-public/tmp/-/tmp-0.0.33.tgz",
			"integrity": "sha1-bTQzWIl2jSGyvNoKonfO07G/rfk=",
			"requires": {
				"os-tmpdir": "~1.0.2"
			}
		},
		"to-buffer": {
			"version": "1.1.1",
			"resolved": "http://nexus3.hundsun.com:6060/repository/npm-public/to-buffer/-/to-buffer-1.1.1.tgz",
			"integrity": "sha1-STvUj2LXxD/N7TE6A9ytsuEhOoA="
		},
		"toidentifier": {
			"version": "1.0.0",
			"resolved": "http://nexus3.hundsun.com:6060/repository/npm-public/toidentifier/-/toidentifier-1.0.0.tgz",
			"integrity": "sha1-fhvjRw8ed5SLxD2Uo8j013UrpVM="
		},
		"type-check": {
			"version": "0.3.2",
			"resolved": "http://nexus3.hundsun.com:6060/repository/npm-public/type-check/-/type-check-0.3.2.tgz",
			"integrity": "sha1-WITKtRLPHTVeP7eE8wgEsrUg23I=",
			"requires": {
				"prelude-ls": "~1.1.2"
			}
		},
		"unescape": {
			"version": "1.0.1",
			"resolved": "http://nexus3.hundsun.com:6060/repository/npm-public/unescape/-/unescape-1.0.1.tgz",
			"integrity": "sha1-lW5DD2HK2KTVfYLFGPXmzF0N2pY=",
			"requires": {
				"extend-shallow": "^2.0.1"
			}
		},
		"unpipe": {
			"version": "1.0.0",
			"resolved": "http://nexus3.hundsun.com:6060/repository/npm-public/unpipe/-/unpipe-1.0.0.tgz",
			"integrity": "sha1-sr9O6FFKrmFltIF4KdIbLvSZBOw="
		},
		"urllib": {
			"version": "2.34.1",
			"resolved": "http://nexus3.hundsun.com:6060/repository/npm-public/urllib/-/urllib-2.34.1.tgz",
			"integrity": "sha1-BpsWA6k6uYLfGuyEIBbqy0QjJs8=",
			"requires": {
				"any-promise": "^1.3.0",
				"content-type": "^1.0.2",
				"debug": "^2.6.9",
				"default-user-agent": "^1.0.0",
				"digest-header": "^0.0.1",
				"ee-first": "~1.1.1",
				"formstream": "^1.1.0",
				"humanize-ms": "^1.2.0",
				"iconv-lite": "^0.4.15",
				"ip": "^1.1.5",
				"proxy-agent": "^3.1.0",
				"pump": "^3.0.0",
				"qs": "^6.4.0",
				"statuses": "^1.3.1",
				"utility": "^1.16.1"
			}
		},
		"util-deprecate": {
			"version": "1.0.2",
			"resolved": "http://nexus3.hundsun.com:6060/repository/npm-public/util-deprecate/-/util-deprecate-1.0.2.tgz",
			"integrity": "sha1-RQ1Nyfpw3nMnYvvS1KKJgUGaDM8="
		},
		"utility": {
			"version": "1.16.1",
			"resolved": "http://nexus3.hundsun.com:6060/repository/npm-public/utility/-/utility-1.16.1.tgz",
			"integrity": "sha1-OD9ctjAEQUdnNxtJweSMoBniaw8=",
			"requires": {
				"copy-to": "^2.0.1",
				"escape-html": "^1.0.3",
				"mkdirp": "^0.5.1",
				"mz": "^2.7.0",
				"unescape": "^1.0.1"
			}
		},
		"which-module": {
			"version": "2.0.0",
			"resolved": "http://nexus3.hundsun.com:6060/repository/npm-public/which-module/-/which-module-2.0.0.tgz",
			"integrity": "sha1-2e8H3Od7mQK4o6j6SzHD4/fm6Ho="
		},
		"win-release": {
			"version": "1.1.1",
			"resolved": "http://nexus3.hundsun.com:6060/repository/npm-public/win-release/-/win-release-1.1.1.tgz",
			"integrity": "sha1-X6VeAr58qTTt/BJmVjLoSbcuUgk=",
			"requires": {
				"semver": "^5.0.1"
			}
		},
		"word-wrap": {
			"version": "1.2.3",
			"resolved": "http://nexus3.hundsun.com:6060/repository/npm-public/word-wrap/-/word-wrap-1.2.3.tgz",
			"integrity": "sha1-YQY29rH3A4kb00dxzLF/uTtHB5w="
		},
		"wrap-ansi": {
			"version": "5.1.0",
			"resolved": "http://nexus3.hundsun.com:6060/repository/npm-public/wrap-ansi/-/wrap-ansi-5.1.0.tgz",
			"integrity": "sha1-H9H2cjXVttD+54EFYAG/tpTAOwk=",
			"requires": {
				"ansi-styles": "^3.2.0",
				"string-width": "^3.0.0",
				"strip-ansi": "^5.0.0"
			},
			"dependencies": {
				"ansi-regex": {
					"version": "4.1.0",
					"resolved": "http://nexus3.hundsun.com:6060/repository/npm-public/ansi-regex/-/ansi-regex-4.1.0.tgz",
					"integrity": "sha1-i5+PCM8ay4Q3Vqg5yox+MWjFGZc="
				},
				"string-width": {
					"version": "3.1.0",
					"resolved": "http://nexus3.hundsun.com:6060/repository/npm-public/string-width/-/string-width-3.1.0.tgz",
					"integrity": "sha1-InZ74htirxCBV0MG9prFG2IgOWE=",
					"requires": {
						"emoji-regex": "^7.0.1",
						"is-fullwidth-code-point": "^2.0.0",
						"strip-ansi": "^5.1.0"
					}
				},
				"strip-ansi": {
					"version": "5.2.0",
					"resolved": "http://nexus3.hundsun.com:6060/repository/npm-public/strip-ansi/-/strip-ansi-5.2.0.tgz",
					"integrity": "sha1-jJpTb+tq/JYr36WxBKUJHBrZwK4=",
					"requires": {
						"ansi-regex": "^4.1.0"
					}
				}
			}
		},
		"wrappy": {
			"version": "1.0.2",
			"resolved": "http://nexus3.hundsun.com:6060/repository/npm-public/wrappy/-/wrappy-1.0.2.tgz",
			"integrity": "sha1-tSQ9jz7BqjXxNkYFvA0QNuMKtp8="
		},
		"xregexp": {
			"version": "2.0.0",
			"resolved": "http://nexus3.hundsun.com:6060/repository/npm-public/xregexp/-/xregexp-2.0.0.tgz",
			"integrity": "sha1-UqY+VsoLhKfzpfPWGHLxJq16WUM="
		},
		"xtend": {
			"version": "4.0.2",
			"resolved": "http://nexus3.hundsun.com:6060/repository/npm-public/xtend/-/xtend-4.0.2.tgz",
			"integrity": "sha1-u3J3n1+kZRhrH0OPZ0+jR/2121Q="
		},
		"y18n": {
			"version": "4.0.0",
			"resolved": "http://nexus3.hundsun.com:6060/repository/npm-public/y18n/-/y18n-4.0.0.tgz",
			"integrity": "sha1-le+U+F7MgdAHwmThkKEg8KPIVms="
		},
		"yallist": {
			"version": "3.1.1",
			"resolved": "http://nexus3.hundsun.com:6060/repository/npm-public/yallist/-/yallist-3.1.1.tgz",
			"integrity": "sha1-27fa+b/YusmrRev2ArjLrQ1dCP0="
		},
		"yargs": {
			"version": "14.2.0",
			"resolved": "http://nexus3.hundsun.com:6060/repository/npm-public/yargs/-/yargs-14.2.0.tgz",
			"integrity": "sha1-8RapJCxO2GaHkLQHWbSQbCdudsM=",
			"requires": {
				"cliui": "^5.0.0",
				"decamelize": "^1.2.0",
				"find-up": "^3.0.0",
				"get-caller-file": "^2.0.1",
				"require-directory": "^2.1.1",
				"require-main-filename": "^2.0.0",
				"set-blocking": "^2.0.0",
				"string-width": "^3.0.0",
				"which-module": "^2.0.0",
				"y18n": "^4.0.0",
				"yargs-parser": "^15.0.0"
			},
			"dependencies": {
				"ansi-regex": {
					"version": "4.1.0",
					"resolved": "http://nexus3.hundsun.com:6060/repository/npm-public/ansi-regex/-/ansi-regex-4.1.0.tgz",
					"integrity": "sha1-i5+PCM8ay4Q3Vqg5yox+MWjFGZc="
				},
				"string-width": {
					"version": "3.1.0",
					"resolved": "http://nexus3.hundsun.com:6060/repository/npm-public/string-width/-/string-width-3.1.0.tgz",
					"integrity": "sha1-InZ74htirxCBV0MG9prFG2IgOWE=",
					"requires": {
						"emoji-regex": "^7.0.1",
						"is-fullwidth-code-point": "^2.0.0",
						"strip-ansi": "^5.1.0"
					}
				},
				"strip-ansi": {
					"version": "5.2.0",
					"resolved": "http://nexus3.hundsun.com:6060/repository/npm-public/strip-ansi/-/strip-ansi-5.2.0.tgz",
					"integrity": "sha1-jJpTb+tq/JYr36WxBKUJHBrZwK4=",
					"requires": {
						"ansi-regex": "^4.1.0"
					}
				}
			}
		},
		"yargs-parser": {
			"version": "15.0.0",
			"resolved": "http://nexus3.hundsun.com:6060/repository/npm-public/yargs-parser/-/yargs-parser-15.0.0.tgz",
			"integrity": "sha1-zdepdJDsg2GV9Z8/Tb5eqej3Xwg=",
			"requires": {
				"camelcase": "^5.0.0",
				"decamelize": "^1.2.0"
			}
		},
		"yauzl": {
			"version": "2.10.0",
			"resolved": "http://nexus3.hundsun.com:6060/repository/npm-public/yauzl/-/yauzl-2.10.0.tgz",
			"integrity": "sha1-x+sXyT4RLLEIb6bY5R+wZnt5pfk=",
			"requires": {
				"buffer-crc32": "~0.2.3",
				"fd-slicer": "~1.1.0"
			}
		},
		"yazl": {
			"version": "2.5.1",
			"resolved": "http://nexus3.hundsun.com:6060/repository/npm-public/yazl/-/yazl-2.5.1.tgz",
			"integrity": "sha1-o9ZdPdZZpbCTeFDoYJ8i//orXDU=",
			"requires": {
				"buffer-crc32": "~0.2.3"
			}
		}
	}
}
